// !$*UTF8*$!
{
	archiveVersion = 1;
	classes = {
	};
	objectVersion = 50;
	objects = {

/* Begin PBXBuildFile section */
		484A99D122136E1400C97CAA /* FourSquareModel.swift in Sources */ = {isa = PBXBuildFile; fileRef = 484A99D022136E1400C97CAA /* FourSquareModel.swift */; };
		486D5CA822138958005ABFF0 /* FourSquareApiClient.swift in Sources */ = {isa = PBXBuildFile; fileRef = 486D5CA722138958005ABFF0 /* FourSquareApiClient.swift */; };
		48E9410B220E35CC00E92242 /* PrivateInfo.swift in Sources */ = {isa = PBXBuildFile; fileRef = 48E9410A220E35CC00E92242 /* PrivateInfo.swift */; };
		551C6B592217737F00C7239A /* DataPersistance.swift in Sources */ = {isa = PBXBuildFile; fileRef = 551C6B582217737F00C7239A /* DataPersistance.swift */; };
		551C6B5B221773A900C7239A /* FolderSetUp.swift in Sources */ = {isa = PBXBuildFile; fileRef = 551C6B5A221773A900C7239A /* FolderSetUp.swift */; };
		551C6B5D221773BA00C7239A /* FolderSetUpModel.swift in Sources */ = {isa = PBXBuildFile; fileRef = 551C6B5C221773BA00C7239A /* FolderSetUpModel.swift */; };
		551C6B5F2217745F00C7239A /* FolderCreationViewController.swift in Sources */ = {isa = PBXBuildFile; fileRef = 551C6B5E2217745E00C7239A /* FolderCreationViewController.swift */; };
		551C6B61221774B100C7239A /* FoldercreationView.swift in Sources */ = {isa = PBXBuildFile; fileRef = 551C6B60221774B100C7239A /* FoldercreationView.swift */; };
		9703D362220DECD300B7E11A /* AppDelegate.swift in Sources */ = {isa = PBXBuildFile; fileRef = 9703D361220DECD300B7E11A /* AppDelegate.swift */; };
		9703D369220DECD700B7E11A /* Assets.xcassets in Resources */ = {isa = PBXBuildFile; fileRef = 9703D368220DECD700B7E11A /* Assets.xcassets */; };
		9703D36C220DECD700B7E11A /* LaunchScreen.storyboard in Resources */ = {isa = PBXBuildFile; fileRef = 9703D36A220DECD700B7E11A /* LaunchScreen.storyboard */; };
		9703D378220E167000B7E11A /* HomeViewController.swift in Sources */ = {isa = PBXBuildFile; fileRef = 9703D377220E167000B7E11A /* HomeViewController.swift */; };
		9703D37A220E16B600B7E11A /* ListsViewController.swift in Sources */ = {isa = PBXBuildFile; fileRef = 9703D379220E16B600B7E11A /* ListsViewController.swift */; };
		9703D37E220E19BA00B7E11A /* ListsView.swift in Sources */ = {isa = PBXBuildFile; fileRef = 9703D37D220E19BA00B7E11A /* ListsView.swift */; };
		9703D380220E1A2900B7E11A /* HomeListView.swift in Sources */ = {isa = PBXBuildFile; fileRef = 9703D37F220E1A2900B7E11A /* HomeListView.swift */; };
		9703D382220E1A4000B7E11A /* HomeMapView.swift in Sources */ = {isa = PBXBuildFile; fileRef = 9703D381220E1A4000B7E11A /* HomeMapView.swift */; };
		9703D389220E1AFE00B7E11A /* HomeListTableViewCell.swift in Sources */ = {isa = PBXBuildFile; fileRef = 9703D388220E1AFE00B7E11A /* HomeListTableViewCell.swift */; };
		9703D38B220E1B2C00B7E11A /* ListsCollectionViewCell.swift in Sources */ = {isa = PBXBuildFile; fileRef = 9703D38A220E1B2C00B7E11A /* ListsCollectionViewCell.swift */; };
		9703D38D220E1B8100B7E11A /* ListsDetailViewController.swift in Sources */ = {isa = PBXBuildFile; fileRef = 9703D38C220E1B8100B7E11A /* ListsDetailViewController.swift */; };
		9703D38F220E1BA200B7E11A /* ListsDetailView.swift in Sources */ = {isa = PBXBuildFile; fileRef = 9703D38E220E1BA200B7E11A /* ListsDetailView.swift */; };
		9703D391220E1BBA00B7E11A /* ListsDetailTableViewCell.swift in Sources */ = {isa = PBXBuildFile; fileRef = 9703D390220E1BBA00B7E11A /* ListsDetailTableViewCell.swift */; };
		9703D395220E28A400B7E11A /* SecretKeys.swift in Sources */ = {isa = PBXBuildFile; fileRef = 9703D394220E28A400B7E11A /* SecretKeys.swift */; };
		974FA09D22137BD1006381DD /* HomeDetailViewController.swift in Sources */ = {isa = PBXBuildFile; fileRef = 974FA09C22137BD1006381DD /* HomeDetailViewController.swift */; };
		974FA09F22137C1F006381DD /* HomeDetailView.swift in Sources */ = {isa = PBXBuildFile; fileRef = 974FA09E22137C1F006381DD /* HomeDetailView.swift */; };
/* End PBXBuildFile section */

/* Begin PBXFileReference section */
		484A99D022136E1400C97CAA /* FourSquareModel.swift */ = {isa = PBXFileReference; lastKnownFileType = sourcecode.swift; path = FourSquareModel.swift; sourceTree = "<group>"; };
		486D5CA722138958005ABFF0 /* FourSquareApiClient.swift */ = {isa = PBXFileReference; lastKnownFileType = sourcecode.swift; path = FourSquareApiClient.swift; sourceTree = "<group>"; };
		48E9410A220E35CC00E92242 /* PrivateInfo.swift */ = {isa = PBXFileReference; lastKnownFileType = sourcecode.swift; path = PrivateInfo.swift; sourceTree = "<group>"; };
		551C6B582217737F00C7239A /* DataPersistance.swift */ = {isa = PBXFileReference; lastKnownFileType = sourcecode.swift; path = DataPersistance.swift; sourceTree = "<group>"; };
		551C6B5A221773A900C7239A /* FolderSetUp.swift */ = {isa = PBXFileReference; lastKnownFileType = sourcecode.swift; path = FolderSetUp.swift; sourceTree = "<group>"; };
		551C6B5C221773BA00C7239A /* FolderSetUpModel.swift */ = {isa = PBXFileReference; lastKnownFileType = sourcecode.swift; path = FolderSetUpModel.swift; sourceTree = "<group>"; };
		551C6B5E2217745E00C7239A /* FolderCreationViewController.swift */ = {isa = PBXFileReference; lastKnownFileType = sourcecode.swift; path = FolderCreationViewController.swift; sourceTree = "<group>"; };
		551C6B60221774B100C7239A /* FoldercreationView.swift */ = {isa = PBXFileReference; lastKnownFileType = sourcecode.swift; path = FoldercreationView.swift; sourceTree = "<group>"; };
		9703D35E220DECD300B7E11A /* FourSquareReplica.app */ = {isa = PBXFileReference; explicitFileType = wrapper.application; includeInIndex = 0; path = FourSquareReplica.app; sourceTree = BUILT_PRODUCTS_DIR; };
		9703D361220DECD300B7E11A /* AppDelegate.swift */ = {isa = PBXFileReference; lastKnownFileType = sourcecode.swift; path = AppDelegate.swift; sourceTree = "<group>"; };
		9703D368220DECD700B7E11A /* Assets.xcassets */ = {isa = PBXFileReference; lastKnownFileType = folder.assetcatalog; path = Assets.xcassets; sourceTree = "<group>"; };
		9703D36B220DECD700B7E11A /* Base */ = {isa = PBXFileReference; lastKnownFileType = file.storyboard; name = Base; path = Base.lproj/LaunchScreen.storyboard; sourceTree = "<group>"; };
		9703D36D220DECD700B7E11A /* Info.plist */ = {isa = PBXFileReference; lastKnownFileType = text.plist.xml; path = Info.plist; sourceTree = "<group>"; };
		9703D377220E167000B7E11A /* HomeViewController.swift */ = {isa = PBXFileReference; lastKnownFileType = sourcecode.swift; path = HomeViewController.swift; sourceTree = "<group>"; };
		9703D379220E16B600B7E11A /* ListsViewController.swift */ = {isa = PBXFileReference; lastKnownFileType = sourcecode.swift; path = ListsViewController.swift; sourceTree = "<group>"; };
		9703D37D220E19BA00B7E11A /* ListsView.swift */ = {isa = PBXFileReference; lastKnownFileType = sourcecode.swift; path = ListsView.swift; sourceTree = "<group>"; };
		9703D37F220E1A2900B7E11A /* HomeListView.swift */ = {isa = PBXFileReference; lastKnownFileType = sourcecode.swift; path = HomeListView.swift; sourceTree = "<group>"; };
		9703D381220E1A4000B7E11A /* HomeMapView.swift */ = {isa = PBXFileReference; lastKnownFileType = sourcecode.swift; path = HomeMapView.swift; sourceTree = "<group>"; };
		9703D388220E1AFE00B7E11A /* HomeListTableViewCell.swift */ = {isa = PBXFileReference; lastKnownFileType = sourcecode.swift; path = HomeListTableViewCell.swift; sourceTree = "<group>"; };
		9703D38A220E1B2C00B7E11A /* ListsCollectionViewCell.swift */ = {isa = PBXFileReference; lastKnownFileType = sourcecode.swift; path = ListsCollectionViewCell.swift; sourceTree = "<group>"; };
		9703D38C220E1B8100B7E11A /* ListsDetailViewController.swift */ = {isa = PBXFileReference; lastKnownFileType = sourcecode.swift; path = ListsDetailViewController.swift; sourceTree = "<group>"; };
		9703D38E220E1BA200B7E11A /* ListsDetailView.swift */ = {isa = PBXFileReference; lastKnownFileType = sourcecode.swift; path = ListsDetailView.swift; sourceTree = "<group>"; };
		9703D390220E1BBA00B7E11A /* ListsDetailTableViewCell.swift */ = {isa = PBXFileReference; lastKnownFileType = sourcecode.swift; path = ListsDetailTableViewCell.swift; sourceTree = "<group>"; };
		9703D394220E28A400B7E11A /* SecretKeys.swift */ = {isa = PBXFileReference; lastKnownFileType = sourcecode.swift; path = SecretKeys.swift; sourceTree = "<group>"; };
		974FA09C22137BD1006381DD /* HomeDetailViewController.swift */ = {isa = PBXFileReference; lastKnownFileType = sourcecode.swift; path = HomeDetailViewController.swift; sourceTree = "<group>"; };
		974FA09E22137C1F006381DD /* HomeDetailView.swift */ = {isa = PBXFileReference; lastKnownFileType = sourcecode.swift; path = HomeDetailView.swift; sourceTree = "<group>"; };
/* End PBXFileReference section */

/* Begin PBXFrameworksBuildPhase section */
		9703D35B220DECD300B7E11A /* Frameworks */ = {
			isa = PBXFrameworksBuildPhase;
			buildActionMask = 2147483647;
			files = (
			);
			runOnlyForDeploymentPostprocessing = 0;
		};
/* End PBXFrameworksBuildPhase section */

/* Begin PBXGroup section */
		484A99D222136E8000C97CAA /* Model */ = {
			isa = PBXGroup;
			children = (
				484A99D022136E1400C97CAA /* FourSquareModel.swift */,
			);
			path = Model;
			sourceTree = "<group>";
		};
		486D5CA6221388A3005ABFF0 /* NetworkServices */ = {
			isa = PBXGroup;
			children = (
				486D5CA722138958005ABFF0 /* FourSquareApiClient.swift */,
			);
			path = NetworkServices;
			sourceTree = "<group>";
		};
		551C6B57221772F800C7239A /* DataPersistanceManager */ = {
			isa = PBXGroup;
			children = (
				551C6B582217737F00C7239A /* DataPersistance.swift */,
				551C6B5A221773A900C7239A /* FolderSetUp.swift */,
				551C6B5C221773BA00C7239A /* FolderSetUpModel.swift */,
			);
			name = DataPersistanceManager;
			path = Model;
			sourceTree = "<group>";
		};
		9703D355220DECD300B7E11A = {
			isa = PBXGroup;
			children = (
				9703D394220E28A400B7E11A /* SecretKeys.swift */,
				551C6B57221772F800C7239A /* DataPersistanceManager */,
				484A99D222136E8000C97CAA /* Model */,
				9703D360220DECD300B7E11A /* FourSquareReplica */,
				9703D35F220DECD300B7E11A /* Products */,
			);
			sourceTree = "<group>";
		};
		9703D35F220DECD300B7E11A /* Products */ = {
			isa = PBXGroup;
			children = (
				9703D35E220DECD300B7E11A /* FourSquareReplica.app */,
			);
			name = Products;
			sourceTree = "<group>";
		};
		9703D360220DECD300B7E11A /* FourSquareReplica */ = {
			isa = PBXGroup;
			children = (
				486D5CA6221388A3005ABFF0 /* NetworkServices */,
				9703D385220E1A8700B7E11A /* Cells */,
				9703D384220E1A7E00B7E11A /* Views */,
				9703D383220E1A7300B7E11A /* View Controllers */,
				9703D361220DECD300B7E11A /* AppDelegate.swift */,
				48E9410A220E35CC00E92242 /* PrivateInfo.swift */,
				9703D368220DECD700B7E11A /* Assets.xcassets */,
				9703D36A220DECD700B7E11A /* LaunchScreen.storyboard */,
				9703D36D220DECD700B7E11A /* Info.plist */,
			);
			path = FourSquareReplica;
			sourceTree = "<group>";
		};
		9703D383220E1A7300B7E11A /* View Controllers */ = {
			isa = PBXGroup;
			children = (
				9703D377220E167000B7E11A /* HomeViewController.swift */,
				551C6B5E2217745E00C7239A /* FolderCreationViewController.swift */,
				974FA09C22137BD1006381DD /* HomeDetailViewController.swift */,
				9703D379220E16B600B7E11A /* ListsViewController.swift */,
				9703D38C220E1B8100B7E11A /* ListsDetailViewController.swift */,
			);
			path = "View Controllers";
			sourceTree = "<group>";
		};
		9703D384220E1A7E00B7E11A /* Views */ = {
			isa = PBXGroup;
			children = (
				9703D37F220E1A2900B7E11A /* HomeListView.swift */,
				551C6B60221774B100C7239A /* FoldercreationView.swift */,
				9703D381220E1A4000B7E11A /* HomeMapView.swift */,
				974FA09E22137C1F006381DD /* HomeDetailView.swift */,
				9703D37D220E19BA00B7E11A /* ListsView.swift */,
				9703D38E220E1BA200B7E11A /* ListsDetailView.swift */,
			);
			path = Views;
			sourceTree = "<group>";
		};
		9703D385220E1A8700B7E11A /* Cells */ = {
			isa = PBXGroup;
			children = (
				9703D388220E1AFE00B7E11A /* HomeListTableViewCell.swift */,
				9703D38A220E1B2C00B7E11A /* ListsCollectionViewCell.swift */,
				9703D390220E1BBA00B7E11A /* ListsDetailTableViewCell.swift */,
			);
			path = Cells;
			sourceTree = "<group>";
		};
/* End PBXGroup section */

/* Begin PBXNativeTarget section */
		9703D35D220DECD300B7E11A /* FourSquareReplica */ = {
			isa = PBXNativeTarget;
			buildConfigurationList = 9703D370220DECD700B7E11A /* Build configuration list for PBXNativeTarget "FourSquareReplica" */;
			buildPhases = (
				9703D35A220DECD300B7E11A /* Sources */,
				9703D35B220DECD300B7E11A /* Frameworks */,
				9703D35C220DECD300B7E11A /* Resources */,
			);
			buildRules = (
			);
			dependencies = (
			);
			name = FourSquareReplica;
			productName = FourSquareReplica;
			productReference = 9703D35E220DECD300B7E11A /* FourSquareReplica.app */;
			productType = "com.apple.product-type.application";
		};
/* End PBXNativeTarget section */

/* Begin PBXProject section */
		9703D356220DECD300B7E11A /* Project object */ = {
			isa = PBXProject;
			attributes = {
				LastSwiftUpdateCheck = 1010;
				LastUpgradeCheck = 1010;
				ORGANIZATIONNAME = "Stephanie Ramirez";
				TargetAttributes = {
					9703D35D220DECD300B7E11A = {
						CreatedOnToolsVersion = 10.1;
					};
				};
			};
			buildConfigurationList = 9703D359220DECD300B7E11A /* Build configuration list for PBXProject "FourSquareReplica" */;
			compatibilityVersion = "Xcode 9.3";
			developmentRegion = en;
			hasScannedForEncodings = 0;
			knownRegions = (
				en,
				Base,
			);
			mainGroup = 9703D355220DECD300B7E11A;
			productRefGroup = 9703D35F220DECD300B7E11A /* Products */;
			projectDirPath = "";
			projectRoot = "";
			targets = (
				9703D35D220DECD300B7E11A /* FourSquareReplica */,
			);
		};
/* End PBXProject section */

/* Begin PBXResourcesBuildPhase section */
		9703D35C220DECD300B7E11A /* Resources */ = {
			isa = PBXResourcesBuildPhase;
			buildActionMask = 2147483647;
			files = (
				9703D36C220DECD700B7E11A /* LaunchScreen.storyboard in Resources */,
				9703D369220DECD700B7E11A /* Assets.xcassets in Resources */,
			);
			runOnlyForDeploymentPostprocessing = 0;
		};
/* End PBXResourcesBuildPhase section */

/* Begin PBXSourcesBuildPhase section */
		9703D35A220DECD300B7E11A /* Sources */ = {
			isa = PBXSourcesBuildPhase;
			buildActionMask = 2147483647;
			files = (
				974FA09D22137BD1006381DD /* HomeDetailViewController.swift in Sources */,
				9703D362220DECD300B7E11A /* AppDelegate.swift in Sources */,
				9703D37E220E19BA00B7E11A /* ListsView.swift in Sources */,
				551C6B5D221773BA00C7239A /* FolderSetUpModel.swift in Sources */,
				551C6B5B221773A900C7239A /* FolderSetUp.swift in Sources */,
				9703D380220E1A2900B7E11A /* HomeListView.swift in Sources */,
				9703D378220E167000B7E11A /* HomeViewController.swift in Sources */,
				551C6B61221774B100C7239A /* FoldercreationView.swift in Sources */,
				484A99D122136E1400C97CAA /* FourSquareModel.swift in Sources */,
				974FA09F22137C1F006381DD /* HomeDetailView.swift in Sources */,
				9703D382220E1A4000B7E11A /* HomeMapView.swift in Sources */,
				9703D395220E28A400B7E11A /* SecretKeys.swift in Sources */,
				9703D38D220E1B8100B7E11A /* ListsDetailViewController.swift in Sources */,
				486D5CA822138958005ABFF0 /* FourSquareApiClient.swift in Sources */,
				551C6B592217737F00C7239A /* DataPersistance.swift in Sources */,
				9703D389220E1AFE00B7E11A /* HomeListTableViewCell.swift in Sources */,
				48E9410B220E35CC00E92242 /* PrivateInfo.swift in Sources */,
				9703D38B220E1B2C00B7E11A /* ListsCollectionViewCell.swift in Sources */,
				9703D37A220E16B600B7E11A /* ListsViewController.swift in Sources */,
				9703D391220E1BBA00B7E11A /* ListsDetailTableViewCell.swift in Sources */,
				9703D38F220E1BA200B7E11A /* ListsDetailView.swift in Sources */,
				551C6B5F2217745F00C7239A /* FolderCreationViewController.swift in Sources */,
			);
			runOnlyForDeploymentPostprocessing = 0;
		};
/* End PBXSourcesBuildPhase section */

/* Begin PBXVariantGroup section */
		9703D36A220DECD700B7E11A /* LaunchScreen.storyboard */ = {
			isa = PBXVariantGroup;
			children = (
				9703D36B220DECD700B7E11A /* Base */,
			);
			name = LaunchScreen.storyboard;
			sourceTree = "<group>";
		};
/* End PBXVariantGroup section */

/* Begin XCBuildConfiguration section */
		9703D36E220DECD700B7E11A /* Debug */ = {
			isa = XCBuildConfiguration;
			buildSettings = {
				ALWAYS_SEARCH_USER_PATHS = NO;
				CLANG_ANALYZER_NONNULL = YES;
				CLANG_ANALYZER_NUMBER_OBJECT_CONVERSION = YES_AGGRESSIVE;
				CLANG_CXX_LANGUAGE_STANDARD = "gnu++14";
				CLANG_CXX_LIBRARY = "libc++";
				CLANG_ENABLE_MODULES = YES;
				CLANG_ENABLE_OBJC_ARC = YES;
				CLANG_ENABLE_OBJC_WEAK = YES;
				CLANG_WARN_BLOCK_CAPTURE_AUTORELEASING = YES;
				CLANG_WARN_BOOL_CONVERSION = YES;
				CLANG_WARN_COMMA = YES;
				CLANG_WARN_CONSTANT_CONVERSION = YES;
				CLANG_WARN_DEPRECATED_OBJC_IMPLEMENTATIONS = YES;
				CLANG_WARN_DIRECT_OBJC_ISA_USAGE = YES_ERROR;
				CLANG_WARN_DOCUMENTATION_COMMENTS = YES;
				CLANG_WARN_EMPTY_BODY = YES;
				CLANG_WARN_ENUM_CONVERSION = YES;
				CLANG_WARN_INFINITE_RECURSION = YES;
				CLANG_WARN_INT_CONVERSION = YES;
				CLANG_WARN_NON_LITERAL_NULL_CONVERSION = YES;
				CLANG_WARN_OBJC_IMPLICIT_RETAIN_SELF = YES;
				CLANG_WARN_OBJC_LITERAL_CONVERSION = YES;
				CLANG_WARN_OBJC_ROOT_CLASS = YES_ERROR;
				CLANG_WARN_RANGE_LOOP_ANALYSIS = YES;
				CLANG_WARN_STRICT_PROTOTYPES = YES;
				CLANG_WARN_SUSPICIOUS_MOVE = YES;
				CLANG_WARN_UNGUARDED_AVAILABILITY = YES_AGGRESSIVE;
				CLANG_WARN_UNREACHABLE_CODE = YES;
				CLANG_WARN__DUPLICATE_METHOD_MATCH = YES;
				CODE_SIGN_IDENTITY = "iPhone Developer";
				COPY_PHASE_STRIP = NO;
				DEBUG_INFORMATION_FORMAT = dwarf;
				ENABLE_STRICT_OBJC_MSGSEND = YES;
				ENABLE_TESTABILITY = YES;
				GCC_C_LANGUAGE_STANDARD = gnu11;
				GCC_DYNAMIC_NO_PIC = NO;
				GCC_NO_COMMON_BLOCKS = YES;
				GCC_OPTIMIZATION_LEVEL = 0;
				GCC_PREPROCESSOR_DEFINITIONS = (
					"DEBUG=1",
					"$(inherited)",
				);
				GCC_WARN_64_TO_32_BIT_CONVERSION = YES;
				GCC_WARN_ABOUT_RETURN_TYPE = YES_ERROR;
				GCC_WARN_UNDECLARED_SELECTOR = YES;
				GCC_WARN_UNINITIALIZED_AUTOS = YES_AGGRESSIVE;
				GCC_WARN_UNUSED_FUNCTION = YES;
				GCC_WARN_UNUSED_VARIABLE = YES;
				IPHONEOS_DEPLOYMENT_TARGET = 12.1;
				MTL_ENABLE_DEBUG_INFO = INCLUDE_SOURCE;
				MTL_FAST_MATH = YES;
				ONLY_ACTIVE_ARCH = YES;
				SDKROOT = iphoneos;
				SWIFT_ACTIVE_COMPILATION_CONDITIONS = DEBUG;
				SWIFT_OPTIMIZATION_LEVEL = "-Onone";
			};
			name = Debug;
		};
		9703D36F220DECD700B7E11A /* Release */ = {
			isa = XCBuildConfiguration;
			buildSettings = {
				ALWAYS_SEARCH_USER_PATHS = NO;
				CLANG_ANALYZER_NONNULL = YES;
				CLANG_ANALYZER_NUMBER_OBJECT_CONVERSION = YES_AGGRESSIVE;
				CLANG_CXX_LANGUAGE_STANDARD = "gnu++14";
				CLANG_CXX_LIBRARY = "libc++";
				CLANG_ENABLE_MODULES = YES;
				CLANG_ENABLE_OBJC_ARC = YES;
				CLANG_ENABLE_OBJC_WEAK = YES;
				CLANG_WARN_BLOCK_CAPTURE_AUTORELEASING = YES;
				CLANG_WARN_BOOL_CONVERSION = YES;
				CLANG_WARN_COMMA = YES;
				CLANG_WARN_CONSTANT_CONVERSION = YES;
				CLANG_WARN_DEPRECATED_OBJC_IMPLEMENTATIONS = YES;
				CLANG_WARN_DIRECT_OBJC_ISA_USAGE = YES_ERROR;
				CLANG_WARN_DOCUMENTATION_COMMENTS = YES;
				CLANG_WARN_EMPTY_BODY = YES;
				CLANG_WARN_ENUM_CONVERSION = YES;
				CLANG_WARN_INFINITE_RECURSION = YES;
				CLANG_WARN_INT_CONVERSION = YES;
				CLANG_WARN_NON_LITERAL_NULL_CONVERSION = YES;
				CLANG_WARN_OBJC_IMPLICIT_RETAIN_SELF = YES;
				CLANG_WARN_OBJC_LITERAL_CONVERSION = YES;
				CLANG_WARN_OBJC_ROOT_CLASS = YES_ERROR;
				CLANG_WARN_RANGE_LOOP_ANALYSIS = YES;
				CLANG_WARN_STRICT_PROTOTYPES = YES;
				CLANG_WARN_SUSPICIOUS_MOVE = YES;
				CLANG_WARN_UNGUARDED_AVAILABILITY = YES_AGGRESSIVE;
				CLANG_WARN_UNREACHABLE_CODE = YES;
				CLANG_WARN__DUPLICATE_METHOD_MATCH = YES;
				CODE_SIGN_IDENTITY = "iPhone Developer";
				COPY_PHASE_STRIP = NO;
				DEBUG_INFORMATION_FORMAT = "dwarf-with-dsym";
				ENABLE_NS_ASSERTIONS = NO;
				ENABLE_STRICT_OBJC_MSGSEND = YES;
				GCC_C_LANGUAGE_STANDARD = gnu11;
				GCC_NO_COMMON_BLOCKS = YES;
				GCC_WARN_64_TO_32_BIT_CONVERSION = YES;
				GCC_WARN_ABOUT_RETURN_TYPE = YES_ERROR;
				GCC_WARN_UNDECLARED_SELECTOR = YES;
				GCC_WARN_UNINITIALIZED_AUTOS = YES_AGGRESSIVE;
				GCC_WARN_UNUSED_FUNCTION = YES;
				GCC_WARN_UNUSED_VARIABLE = YES;
				IPHONEOS_DEPLOYMENT_TARGET = 12.1;
				MTL_ENABLE_DEBUG_INFO = NO;
				MTL_FAST_MATH = YES;
				SDKROOT = iphoneos;
				SWIFT_COMPILATION_MODE = wholemodule;
				SWIFT_OPTIMIZATION_LEVEL = "-O";
				VALIDATE_PRODUCT = YES;
			};
			name = Release;
		};
		9703D371220DECD700B7E11A /* Debug */ = {
			isa = XCBuildConfiguration;
			buildSettings = {
				ASSETCATALOG_COMPILER_APPICON_NAME = AppIcon;
				CODE_SIGN_STYLE = Automatic;
				DEVELOPMENT_TEAM = 27KQ4G2M79;
				INFOPLIST_FILE = FourSquareReplica/Info.plist;
				IPHONEOS_DEPLOYMENT_TARGET = 12.0;
				LD_RUNPATH_SEARCH_PATHS = (
					"$(inherited)",
					"@executable_path/Frameworks",
				);
				PRODUCT_BUNDLE_IDENTIFIER = "Pursuit-Unit-2.FourSquareReplica";
				PRODUCT_NAME = "$(TARGET_NAME)";
				SWIFT_VERSION = 4.2;
				TARGETED_DEVICE_FAMILY = "1,2";
			};
			name = Debug;
		};
		9703D372220DECD700B7E11A /* Release */ = {
			isa = XCBuildConfiguration;
			buildSettings = {
				ASSETCATALOG_COMPILER_APPICON_NAME = AppIcon;
				CODE_SIGN_STYLE = Automatic;
				DEVELOPMENT_TEAM = 27KQ4G2M79;
				INFOPLIST_FILE = FourSquareReplica/Info.plist;
				IPHONEOS_DEPLOYMENT_TARGET = 12.0;
				LD_RUNPATH_SEARCH_PATHS = (
					"$(inherited)",
					"@executable_path/Frameworks",
				);
				PRODUCT_BUNDLE_IDENTIFIER = "Pursuit-Unit-2.FourSquareReplica";
				PRODUCT_NAME = "$(TARGET_NAME)";
				SWIFT_VERSION = 4.2;
				TARGETED_DEVICE_FAMILY = "1,2";
			};
			name = Release;
		};
/* End XCBuildConfiguration section */

/* Begin XCConfigurationList section */
		9703D359220DECD300B7E11A /* Build configuration list for PBXProject "FourSquareReplica" */ = {
			isa = XCConfigurationList;
			buildConfigurations = (
				9703D36E220DECD700B7E11A /* Debug */,
				9703D36F220DECD700B7E11A /* Release */,
			);
			defaultConfigurationIsVisible = 0;
			defaultConfigurationName = Release;
		};
		9703D370220DECD700B7E11A /* Build configuration list for PBXNativeTarget "FourSquareReplica" */ = {
			isa = XCConfigurationList;
			buildConfigurations = (
				9703D371220DECD700B7E11A /* Debug */,
				9703D372220DECD700B7E11A /* Release */,
			);
			defaultConfigurationIsVisible = 0;
			defaultConfigurationName = Release;
		};
/* End XCConfigurationList section */
	};
	rootObject = 9703D356220DECD300B7E11A /* Project object */;
}
